{
	"name": "tranquility-desktop",
	"version": "0.2.0",
	"lockfileVersion": 3,
	"requires": true,
	"packages": {
		"": {
			"name": "tranquility-desktop",
			"version": "0.2.0",
			"dependencies": {
				"react": "^19.0.0",
				"react-dom": "^19.0.0",
				"react-rnd": "^10.5.2",
				"zustand": "^5.0.3"
			},
			"devDependencies": {
				"@biomejs/biome": "1.9.4",
				"@types/react": "^19.0.10",
				"@types/react-dom": "^19.0.4",
				"@vitejs/plugin-react-swc": "^3.8.0",
				"typescript": "~5.7.2",
				"vite": "^6.2.0"
			}
		},
		"node_modules/@biomejs/biome": {
			"version": "1.9.4",
			"resolved": "https://registry.npmjs.org/@biomejs/biome/-/biome-1.9.4.tgz",
			"integrity": "sha512-1rkd7G70+o9KkTn5KLmDYXihGoTaIGO9PIIN2ZB7UJxFrWw04CZHPYiMRjYsaDvVV7hP1dYNRLxSANLaBFGpog==",
			"dev": true,
			"hasInstallScript": true,
			"license": "MIT OR Apache-2.0",
			"bin": {
				"biome": "bin/biome"
			},
			"engines": {
				"node": ">=14.21.3"
			},
			"funding": {
				"type": "opencollective",
				"url": "https://opencollective.com/biome"
			},
			"optionalDependencies": {
				"@biomejs/cli-darwin-arm64": "1.9.4",
				"@biomejs/cli-darwin-x64": "1.9.4",
				"@biomejs/cli-linux-arm64": "1.9.4",
				"@biomejs/cli-linux-arm64-musl": "1.9.4",
				"@biomejs/cli-linux-x64": "1.9.4",
				"@biomejs/cli-linux-x64-musl": "1.9.4",
				"@biomejs/cli-win32-arm64": "1.9.4",
				"@biomejs/cli-win32-x64": "1.9.4"
			}
		},
		"node_modules/@biomejs/cli-darwin-arm64": {
			"version": "1.9.4",
			"resolved": "https://registry.npmjs.org/@biomejs/cli-darwin-arm64/-/cli-darwin-arm64-1.9.4.tgz",
			"integrity": "sha512-bFBsPWrNvkdKrNCYeAp+xo2HecOGPAy9WyNyB/jKnnedgzl4W4Hb9ZMzYNbf8dMCGmUdSavlYHiR01QaYR58cw==",
			"cpu": [
				"arm64"
			],
			"dev": true,
			"license": "MIT OR Apache-2.0",
			"optional": true,
			"os": [
				"darwin"
			],
			"engines": {
				"node": ">=14.21.3"
			}
		},
		"node_modules/@biomejs/cli-darwin-x64": {
			"version": "1.9.4",
			"resolved": "https://registry.npmjs.org/@biomejs/cli-darwin-x64/-/cli-darwin-x64-1.9.4.tgz",
			"integrity": "sha512-ngYBh/+bEedqkSevPVhLP4QfVPCpb+4BBe2p7Xs32dBgs7rh9nY2AIYUL6BgLw1JVXV8GlpKmb/hNiuIxfPfZg==",
			"cpu": [
				"x64"
			],
			"dev": true,
			"license": "MIT OR Apache-2.0",
			"optional": true,
			"os": [
				"darwin"
			],
			"engines": {
				"node": ">=14.21.3"
			}
		},
		"node_modules/@biomejs/cli-linux-arm64": {
			"version": "1.9.4",
			"resolved": "https://registry.npmjs.org/@biomejs/cli-linux-arm64/-/cli-linux-arm64-1.9.4.tgz",
			"integrity": "sha512-fJIW0+LYujdjUgJJuwesP4EjIBl/N/TcOX3IvIHJQNsAqvV2CHIogsmA94BPG6jZATS4Hi+xv4SkBBQSt1N4/g==",
			"cpu": [
				"arm64"
			],
			"dev": true,
			"license": "MIT OR Apache-2.0",
			"optional": true,
			"os": [
				"linux"
			],
			"engines": {
				"node": ">=14.21.3"
			}
		},
		"node_modules/@biomejs/cli-linux-arm64-musl": {
			"version": "1.9.4",
			"resolved": "https://registry.npmjs.org/@biomejs/cli-linux-arm64-musl/-/cli-linux-arm64-musl-1.9.4.tgz",
			"integrity": "sha512-v665Ct9WCRjGa8+kTr0CzApU0+XXtRgwmzIf1SeKSGAv+2scAlW6JR5PMFo6FzqqZ64Po79cKODKf3/AAmECqA==",
			"cpu": [
				"arm64"
			],
			"dev": true,
			"license": "MIT OR Apache-2.0",
			"optional": true,
			"os": [
				"linux"
			],
			"engines": {
				"node": ">=14.21.3"
			}
		},
		"node_modules/@biomejs/cli-linux-x64": {
			"version": "1.9.4",
			"resolved": "https://registry.npmjs.org/@biomejs/cli-linux-x64/-/cli-linux-x64-1.9.4.tgz",
			"integrity": "sha512-lRCJv/Vi3Vlwmbd6K+oQ0KhLHMAysN8lXoCI7XeHlxaajk06u7G+UsFSO01NAs5iYuWKmVZjmiOzJ0OJmGsMwg==",
			"cpu": [
				"x64"
			],
			"dev": true,
			"license": "MIT OR Apache-2.0",
			"optional": true,
			"os": [
				"linux"
			],
			"engines": {
				"node": ">=14.21.3"
			}
		},
		"node_modules/@biomejs/cli-linux-x64-musl": {
			"version": "1.9.4",
			"resolved": "https://registry.npmjs.org/@biomejs/cli-linux-x64-musl/-/cli-linux-x64-musl-1.9.4.tgz",
			"integrity": "sha512-gEhi/jSBhZ2m6wjV530Yy8+fNqG8PAinM3oV7CyO+6c3CEh16Eizm21uHVsyVBEB6RIM8JHIl6AGYCv6Q6Q9Tg==",
			"cpu": [
				"x64"
			],
			"dev": true,
			"license": "MIT OR Apache-2.0",
			"optional": true,
			"os": [
				"linux"
			],
			"engines": {
				"node": ">=14.21.3"
			}
		},
		"node_modules/@biomejs/cli-win32-arm64": {
			"version": "1.9.4",
			"resolved": "https://registry.npmjs.org/@biomejs/cli-win32-arm64/-/cli-win32-arm64-1.9.4.tgz",
			"integrity": "sha512-tlbhLk+WXZmgwoIKwHIHEBZUwxml7bRJgk0X2sPyNR3S93cdRq6XulAZRQJ17FYGGzWne0fgrXBKpl7l4M87Hg==",
			"cpu": [
				"arm64"
			],
			"dev": true,
			"license": "MIT OR Apache-2.0",
			"optional": true,
			"os": [
				"win32"
			],
			"engines": {
				"node": ">=14.21.3"
			}
		},
		"node_modules/@biomejs/cli-win32-x64": {
			"version": "1.9.4",
			"resolved": "https://registry.npmjs.org/@biomejs/cli-win32-x64/-/cli-win32-x64-1.9.4.tgz",
			"integrity": "sha512-8Y5wMhVIPaWe6jw2H+KlEm4wP/f7EW3810ZLmDlrEEy5KvBsb9ECEfu/kMWD484ijfQ8+nIi0giMgu9g1UAuuA==",
			"cpu": [
				"x64"
			],
			"dev": true,
			"license": "MIT OR Apache-2.0",
			"optional": true,
			"os": [
				"win32"
			],
			"engines": {
				"node": ">=14.21.3"
			}
		},
		"node_modules/@esbuild/darwin-x64": {
			"version": "0.25.1",
			"cpu": [
				"x64"
			],
			"dev": true,
			"license": "MIT",
			"optional": true,
			"os": [
				"darwin"
			],
			"engines": {
				"node": ">=18"
			}
		},
		"node_modules/@rollup/rollup-darwin-x64": {
			"version": "4.36.0",
			"cpu": [
				"x64"
			],
			"dev": true,
			"license": "MIT",
			"optional": true,
			"os": [
				"darwin"
			]
		},
		"node_modules/@swc/core": {
			"version": "1.11.11",
			"dev": true,
			"hasInstallScript": true,
			"license": "Apache-2.0",
			"dependencies": {
				"@swc/counter": "^0.1.3",
				"@swc/types": "^0.1.19"
			},
			"engines": {
				"node": ">=10"
			},
			"funding": {
				"type": "opencollective",
				"url": "https://opencollective.com/swc"
			},
			"optionalDependencies": {
				"@swc/core-darwin-arm64": "1.11.11",
				"@swc/core-darwin-x64": "1.11.11",
				"@swc/core-linux-arm-gnueabihf": "1.11.11",
				"@swc/core-linux-arm64-gnu": "1.11.11",
				"@swc/core-linux-arm64-musl": "1.11.11",
				"@swc/core-linux-x64-gnu": "1.11.11",
				"@swc/core-linux-x64-musl": "1.11.11",
				"@swc/core-win32-arm64-msvc": "1.11.11",
				"@swc/core-win32-ia32-msvc": "1.11.11",
				"@swc/core-win32-x64-msvc": "1.11.11"
			},
			"peerDependencies": {
				"@swc/helpers": "*"
			},
			"peerDependenciesMeta": {
				"@swc/helpers": {
					"optional": true
				}
			}
		},
		"node_modules/@swc/core-darwin-x64": {
			"version": "1.11.11",
			"cpu": [
				"x64"
			],
			"dev": true,
			"license": "Apache-2.0 AND MIT",
			"optional": true,
			"os": [
				"darwin"
			],
			"engines": {
				"node": ">=10"
			}
		},
		"node_modules/@swc/counter": {
			"version": "0.1.3",
			"dev": true,
			"license": "Apache-2.0"
		},
		"node_modules/@swc/types": {
			"version": "0.1.19",
			"dev": true,
			"license": "Apache-2.0",
			"dependencies": {
				"@swc/counter": "^0.1.3"
			}
		},
		"node_modules/@types/estree": {
			"version": "1.0.6",
			"dev": true,
			"license": "MIT"
		},
		"node_modules/@types/react": {
			"version": "19.0.11",
			"devOptional": true,
			"license": "MIT",
			"dependencies": {
				"csstype": "^3.0.2"
			}
		},
		"node_modules/@types/react-dom": {
			"version": "19.0.4",
			"dev": true,
			"license": "MIT",
			"peerDependencies": {
				"@types/react": "^19.0.0"
			}
		},
		"node_modules/@vitejs/plugin-react-swc": {
			"version": "3.8.1",
			"dev": true,
			"license": "MIT",
			"dependencies": {
				"@swc/core": "^1.11.11"
			},
			"peerDependencies": {
				"vite": "^4 || ^5 || ^6"
			}
		},
		"node_modules/clsx": {
			"version": "1.2.1",
			"resolved": "https://registry.npmjs.org/clsx/-/clsx-1.2.1.tgz",
			"integrity": "sha512-EcR6r5a8bj6pu3ycsa/E/cKVGuTgZJZdsyUYHOksG/UHIiKfjxzRxYJpyVBwYaQeOvghal9fcc4PidlgzugAQg==",
			"license": "MIT",
			"engines": {
				"node": ">=6"
			}
		},
		"node_modules/csstype": {
			"version": "3.1.3",
			"devOptional": true,
			"license": "MIT"
		},
		"node_modules/esbuild": {
			"version": "0.25.1",
			"dev": true,
			"hasInstallScript": true,
			"license": "MIT",
			"bin": {
				"esbuild": "bin/esbuild"
			},
			"engines": {
				"node": ">=18"
			},
			"optionalDependencies": {
				"@esbuild/aix-ppc64": "0.25.1",
				"@esbuild/android-arm": "0.25.1",
				"@esbuild/android-arm64": "0.25.1",
				"@esbuild/android-x64": "0.25.1",
				"@esbuild/darwin-arm64": "0.25.1",
				"@esbuild/darwin-x64": "0.25.1",
				"@esbuild/freebsd-arm64": "0.25.1",
				"@esbuild/freebsd-x64": "0.25.1",
				"@esbuild/linux-arm": "0.25.1",
				"@esbuild/linux-arm64": "0.25.1",
				"@esbuild/linux-ia32": "0.25.1",
				"@esbuild/linux-loong64": "0.25.1",
				"@esbuild/linux-mips64el": "0.25.1",
				"@esbuild/linux-ppc64": "0.25.1",
				"@esbuild/linux-riscv64": "0.25.1",
				"@esbuild/linux-s390x": "0.25.1",
				"@esbuild/linux-x64": "0.25.1",
				"@esbuild/netbsd-arm64": "0.25.1",
				"@esbuild/netbsd-x64": "0.25.1",
				"@esbuild/openbsd-arm64": "0.25.1",
				"@esbuild/openbsd-x64": "0.25.1",
				"@esbuild/sunos-x64": "0.25.1",
				"@esbuild/win32-arm64": "0.25.1",
				"@esbuild/win32-ia32": "0.25.1",
				"@esbuild/win32-x64": "0.25.1"
			}
		},
		"node_modules/js-tokens": {
			"version": "4.0.0",
			"resolved": "https://registry.npmjs.org/js-tokens/-/js-tokens-4.0.0.tgz",
			"integrity": "sha512-RdJUflcE3cUzKiMqQgsCu06FPu9UdIJO0beYbPhHN4k6apgJtifcoCtT9bcxOpYBtpD2kCM6Sbzg4CausW/PKQ==",
			"license": "MIT"
		},
		"node_modules/loose-envify": {
			"version": "1.4.0",
			"resolved": "https://registry.npmjs.org/loose-envify/-/loose-envify-1.4.0.tgz",
			"integrity": "sha512-lyuxPGr/Wfhrlem2CL/UcnUc1zcqKAImBDzukY7Y5F/yQiNdko6+fRLevlw1HgMySw7f611UIY408EtxRSoK3Q==",
			"license": "MIT",
			"dependencies": {
				"js-tokens": "^3.0.0 || ^4.0.0"
			},
			"bin": {
				"loose-envify": "cli.js"
			}
		},
		"node_modules/nanoid": {
			"version": "3.3.11",
			"dev": true,
			"funding": [
				{
					"type": "github",
					"url": "https://github.com/sponsors/ai"
				}
			],
			"license": "MIT",
			"bin": {
				"nanoid": "bin/nanoid.cjs"
			},
			"engines": {
				"node": "^10 || ^12 || ^13.7 || ^14 || >=15.0.1"
			}
		},
		"node_modules/object-assign": {
			"version": "4.1.1",
			"resolved": "https://registry.npmjs.org/object-assign/-/object-assign-4.1.1.tgz",
			"integrity": "sha512-rJgTQnkUnH1sFw8yT6VSU3zD3sWmu6sZhIseY8VX+GRu3P6F7Fu+JNDoXfklElbLJSnc3FUQHVe4cU5hj+BcUg==",
			"license": "MIT",
			"engines": {
				"node": ">=0.10.0"
			}
		},
		"node_modules/picocolors": {
			"version": "1.1.1",
			"dev": true,
			"license": "ISC"
		},
		"node_modules/postcss": {
			"version": "8.5.3",
			"dev": true,
			"funding": [
				{
					"type": "opencollective",
					"url": "https://opencollective.com/postcss/"
				},
				{
					"type": "tidelift",
					"url": "https://tidelift.com/funding/github/npm/postcss"
				},
				{
					"type": "github",
					"url": "https://github.com/sponsors/ai"
				}
			],
			"license": "MIT",
			"dependencies": {
				"nanoid": "^3.3.8",
				"picocolors": "^1.1.1",
				"source-map-js": "^1.2.1"
			},
			"engines": {
				"node": "^10 || ^12 || >=14"
			}
		},
		"node_modules/prop-types": {
			"version": "15.8.1",
			"resolved": "https://registry.npmjs.org/prop-types/-/prop-types-15.8.1.tgz",
			"integrity": "sha512-oj87CgZICdulUohogVAR7AjlC0327U4el4L6eAvOqCeudMDVU0NThNaV+b9Df4dXgSP1gXMTnPdhfe/2qDH5cg==",
			"license": "MIT",
			"dependencies": {
				"loose-envify": "^1.4.0",
				"object-assign": "^4.1.1",
				"react-is": "^16.13.1"
			}
		},
		"node_modules/re-resizable": {
			"version": "6.11.2",
			"resolved": "https://registry.npmjs.org/re-resizable/-/re-resizable-6.11.2.tgz",
			"integrity": "sha512-2xI2P3OHs5qw7K0Ud1aLILK6MQxW50TcO+DetD9eIV58j84TqYeHoZcL9H4GXFXXIh7afhH8mv5iUCXII7OW7A==",
			"license": "MIT",
			"peerDependencies": {
				"react": "^16.13.1 || ^17.0.0 || ^18.0.0 || ^19.0.0",
				"react-dom": "^16.13.1 || ^17.0.0 || ^18.0.0 || ^19.0.0"
			}
		},
		"node_modules/react": {
			"version": "19.0.0",
			"license": "MIT",
			"engines": {
				"node": ">=0.10.0"
			}
		},
		"node_modules/react-dom": {
			"version": "19.0.0",
			"license": "MIT",
			"dependencies": {
				"scheduler": "^0.25.0"
			},
			"peerDependencies": {
				"react": "^19.0.0"
			}
		},
		"node_modules/react-draggable": {
			"version": "4.4.6",
			"resolved": "https://registry.npmjs.org/react-draggable/-/react-draggable-4.4.6.tgz",
			"integrity": "sha512-LtY5Xw1zTPqHkVmtM3X8MUOxNDOUhv/khTgBgrUvwaS064bwVvxT+q5El0uUFNx5IEPKXuRejr7UqLwBIg5pdw==",
			"license": "MIT",
			"dependencies": {
				"clsx": "^1.1.1",
				"prop-types": "^15.8.1"
			},
			"peerDependencies": {
				"react": ">= 16.3.0",
				"react-dom": ">= 16.3.0"
			}
		},
		"node_modules/react-is": {
			"version": "16.13.1",
			"resolved": "https://registry.npmjs.org/react-is/-/react-is-16.13.1.tgz",
			"integrity": "sha512-24e6ynE2H+OKt4kqsOvNd8kBpV65zoxbA4BVsEOB3ARVWQki/DHzaUoC5KuON/BiccDaCCTZBuOcfZs70kR8bQ==",
			"license": "MIT"
		},
		"node_modules/react-rnd": {
			"version": "10.5.2",
			"resolved": "https://registry.npmjs.org/react-rnd/-/react-rnd-10.5.2.tgz",
			"integrity": "sha512-0Tm4x7k7pfHf2snewJA8x7Nwgt3LV+58MVEWOVsFjk51eYruFEa6Wy7BNdxt4/lH0wIRsu7Gm3KjSXY2w7YaNw==",
			"license": "MIT",
			"dependencies": {
				"re-resizable": "6.11.2",
				"react-draggable": "4.4.6",
				"tslib": "2.6.2"
			},
			"peerDependencies": {
				"react": ">=16.3.0",
				"react-dom": ">=16.3.0"
			}
		},
		"node_modules/rollup": {
			"version": "4.36.0",
			"dev": true,
			"license": "MIT",
			"dependencies": {
				"@types/estree": "1.0.6"
			},
			"bin": {
				"rollup": "dist/bin/rollup"
			},
			"engines": {
				"node": ">=18.0.0",
				"npm": ">=8.0.0"
			},
			"optionalDependencies": {
				"@rollup/rollup-android-arm-eabi": "4.36.0",
				"@rollup/rollup-android-arm64": "4.36.0",
				"@rollup/rollup-darwin-arm64": "4.36.0",
				"@rollup/rollup-darwin-x64": "4.36.0",
				"@rollup/rollup-freebsd-arm64": "4.36.0",
				"@rollup/rollup-freebsd-x64": "4.36.0",
				"@rollup/rollup-linux-arm-gnueabihf": "4.36.0",
				"@rollup/rollup-linux-arm-musleabihf": "4.36.0",
				"@rollup/rollup-linux-arm64-gnu": "4.36.0",
				"@rollup/rollup-linux-arm64-musl": "4.36.0",
				"@rollup/rollup-linux-loongarch64-gnu": "4.36.0",
				"@rollup/rollup-linux-powerpc64le-gnu": "4.36.0",
				"@rollup/rollup-linux-riscv64-gnu": "4.36.0",
				"@rollup/rollup-linux-s390x-gnu": "4.36.0",
				"@rollup/rollup-linux-x64-gnu": "4.36.0",
				"@rollup/rollup-linux-x64-musl": "4.36.0",
				"@rollup/rollup-win32-arm64-msvc": "4.36.0",
				"@rollup/rollup-win32-ia32-msvc": "4.36.0",
				"@rollup/rollup-win32-x64-msvc": "4.36.0",
				"fsevents": "~2.3.2"
			}
		},
		"node_modules/scheduler": {
			"version": "0.25.0",
			"license": "MIT"
		},
		"node_modules/source-map-js": {
			"version": "1.2.1",
			"dev": true,
			"license": "BSD-3-Clause",
			"engines": {
				"node": ">=0.10.0"
			}
		},
		"node_modules/tslib": {
			"version": "2.6.2",
			"resolved": "https://registry.npmjs.org/tslib/-/tslib-2.6.2.tgz",
			"integrity": "sha512-AEYxH93jGFPn/a2iVAwW87VuUIkR1FVUKB77NwMF7nBTDkDrrT/Hpt/IrCJ0QXhW27jTBDcf5ZY7w6RiqTMw2Q==",
			"license": "0BSD"
		},
		"node_modules/typescript": {
			"version": "5.7.3",
			"dev": true,
			"license": "Apache-2.0",
			"bin": {
				"tsc": "bin/tsc",
				"tsserver": "bin/tsserver"
			},
			"engines": {
				"node": ">=14.17"
			}
		},
		"node_modules/vite": {
			"version": "6.2.2",
			"dev": true,
			"license": "MIT",
			"dependencies": {
				"esbuild": "^0.25.0",
				"postcss": "^8.5.3",
				"rollup": "^4.30.1"
			},
			"bin": {
				"vite": "bin/vite.js"
			},
			"engines": {
				"node": "^18.0.0 || ^20.0.0 || >=22.0.0"
			},
			"funding": {
				"url": "https://github.com/vitejs/vite?sponsor=1"
			},
			"optionalDependencies": {
				"fsevents": "~2.3.3"
			},
			"peerDependencies": {
				"@types/node": "^18.0.0 || ^20.0.0 || >=22.0.0",
				"jiti": ">=1.21.0",
				"less": "*",
				"lightningcss": "^1.21.0",
				"sass": "*",
				"sass-embedded": "*",
				"stylus": "*",
				"sugarss": "*",
				"terser": "^5.16.0",
				"tsx": "^4.8.1",
				"yaml": "^2.4.2"
			},
			"peerDependenciesMeta": {
				"@types/node": {
					"optional": true
				},
				"jiti": {
					"optional": true
				},
				"less": {
					"optional": true
				},
				"lightningcss": {
					"optional": true
				},
				"sass": {
					"optional": true
				},
				"sass-embedded": {
					"optional": true
				},
				"stylus": {
					"optional": true
				},
				"sugarss": {
					"optional": true
				},
				"terser": {
					"optional": true
				},
				"tsx": {
					"optional": true
				},
				"yaml": {
					"optional": true
				}
			}
		},
		"node_modules/zustand": {
			"version": "5.0.3",
			"resolved": "https://registry.npmjs.org/zustand/-/zustand-5.0.3.tgz",
			"integrity": "sha512-14fwWQtU3pH4dE0dOpdMiWjddcH+QzKIgk1cl8epwSE7yag43k/AD/m4L6+K7DytAOr9gGBe3/EXj9g7cdostg==",
			"license": "MIT",
			"engines": {
				"node": ">=12.20.0"
			},
			"peerDependencies": {
				"@types/react": ">=18.0.0",
				"immer": ">=9.0.6",
				"react": ">=18.0.0",
				"use-sync-external-store": ">=1.2.0"
			},
			"peerDependenciesMeta": {
				"@types/react": {
					"optional": true
				},
				"immer": {
					"optional": true
				},
				"react": {
					"optional": true
				},
				"use-sync-external-store": {
					"optional": true
				}
			}
		}
	}
}
